
Microsoft Visual Studio Solution File, Format Version 12.00
# Visual Studio Version 17
VisualStudioVersion = 17.8.34525.116
MinimumVisualStudioVersion = 10.0.40219.1
Project("{FAE04EC0-301F-11D3-BF4B-00C04F79EFBC}") = "ActividadEnElAula2", "ActividadEnElAula2\ActividadEnElAula2.csproj", "{09FB5FB5-01F1-48F5-8282-DE24EF2BC764}"
EndProject
Global
	GlobalSection(SolutionConfigurationPlatforms) = preSolution
		Debug|Any CPU = Debug|Any CPU
		Release|Any CPU = Release|Any CPU
	EndGlobalSection
	GlobalSection(ProjectConfigurationPlatforms) = postSolution
		{09FB5FB5-01F1-48F5-8282-DE24EF2BC764}.Debug|Any CPU.ActiveCfg = Debug|Any CPU
		{09FB5FB5-01F1-48F5-8282-DE24EF2BC764}.Debug|Any CPU.Build.0 = Debug|Any CPU
		{09FB5FB5-01F1-48F5-8282-DE24EF2BC764}.Release|Any CPU.ActiveCfg = Release|Any CPU
		{09FB5FB5-01F1-48F5-8282-DE24EF2BC764}.Release|Any CPU.Build.0 = Release|Any CPU
	EndGlobalSection
	GlobalSection(SolutionProperties) = preSolution
		HideSolutionNode = FALSE
	EndGlobalSection
	GlobalSection(ExtensibilityGlobals) = postSolution
		SolutionGuid = {AF96DE86-6B4D-4C7A-B0EE-AF51C37A246A}
	EndGlobalSection
EndGlobal
